
Microsoft Visual Studio Solution File, Format Version 12.00
# Visual Studio Version 17
VisualStudioVersion = 17.4.33213.308
MinimumVisualStudioVersion = 10.0.40219.1
Project("{FAE04EC0-301F-11D3-BF4B-00C04F79EFBC}") = "MegaDeskASP", "MegaDeskASP\MegaDeskASP.csproj", "{37F0B5E5-D64A-4837-A247-5DE41B90384A}"
EndProject
Global
	GlobalSection(SolutionConfigurationPlatforms) = preSolution
		Debug|Any CPU = Debug|Any CPU
		Release|Any CPU = Release|Any CPU
	EndGlobalSection
	GlobalSection(ProjectConfigurationPlatforms) = postSolution
		{37F0B5E5-D64A-4837-A247-5DE41B90384A}.Debug|Any CPU.ActiveCfg = Debug|Any CPU
		{37F0B5E5-D64A-4837-A247-5DE41B90384A}.Debug|Any CPU.Build.0 = Debug|Any CPU
		{37F0B5E5-D64A-4837-A247-5DE41B90384A}.Release|Any CPU.ActiveCfg = Release|Any CPU
		{37F0B5E5-D64A-4837-A247-5DE41B90384A}.Release|Any CPU.Build.0 = Release|Any CPU
	EndGlobalSection
	GlobalSection(SolutionProperties) = preSolution
		HideSolutionNode = FALSE
	EndGlobalSection
	GlobalSection(ExtensibilityGlobals) = postSolution
		SolutionGuid = {257D74F4-A428-401E-874B-C026375299DA}
	EndGlobalSection
EndGlobal
